{
  "name": "esq",
  "version": "0.1.0",
  "lockfileVersion": 3,
  "requires": true,
  "packages": {
    "": {
      "name": "esq",
      "version": "0.1.0",
      "dependencies": {
        "@bunli/core": "^0.8.2",
        "@opensearch-project/opensearch": "^3.5.1",
        "dotenv": "^17.3.1",
        "zod": "^4.3.6"
      },
      "bin": {
        "esq": "cli.ts"
      },
      "devDependencies": {
        "@types/bun": "latest"
      },
      "peerDependencies": {
        "typescript": "^5"
      }
    },
    "node_modules/@bunli/core": {
      "version": "0.8.2",
      "license": "MIT",
      "dependencies": {
        "@bunli/runtime": "^0.2.0",
        "@bunli/utils": "^0.5.1",
        "@standard-schema/spec": "^1.1.0",
        "@standard-schema/utils": "^0.3.0",
        "better-result": "^2.7.0",
        "debug": "^4.4.3",
        "zod": "^4.3.6"
      },
      "engines": {
        "bun": ">=1.0.0"
      }
    },
    "node_modules/@bunli/runtime": {
      "version": "0.2.0",
      "license": "MIT",
      "dependencies": {
        "@opentui/core": "^0.1.84",
        "@opentui/react": "^0.1.84",
        "@standard-schema/spec": "^1.1.0",
        "@standard-schema/utils": "^0.3.0",
        "better-result": "^2.7.0",
        "debug": "^4.4.3",
        "zod": "^4.3.6"
      },
      "peerDependencies": {
        "@opentui/core": "^0.1.75",
        "react": "^19.2.4"
      }
    },
    "node_modules/@bunli/utils": {
      "version": "0.5.1",
      "license": "MIT",
      "dependencies": {
        "@standard-schema/spec": "^1.1.0",
        "@standard-schema/utils": "^0.3.0",
        "better-result": "^2.7.0"
      },
      "engines": {
        "bun": ">=1.0.0"
      },
      "peerDependencies": {
        "bun": ">=1.3.7"
      }
    },
    "node_modules/@clack/core": {
      "version": "0.5.0",
      "license": "MIT",
      "dependencies": {
        "picocolors": "^1.0.0",
        "sisteransi": "^1.0.5"
      }
    },
    "node_modules/@clack/prompts": {
      "version": "0.11.0",
      "license": "MIT",
      "dependencies": {
        "@clack/core": "0.5.0",
        "picocolors": "^1.0.0",
        "sisteransi": "^1.0.5"
      }
    },
    "node_modules/@dimforge/rapier2d-simd-compat": {
      "version": "0.17.3",
      "license": "Apache-2.0",
      "optional": true
    },
    "node_modules/@jimp/core": {
      "version": "1.6.0",
      "license": "MIT",
      "dependencies": {
        "@jimp/file-ops": "1.6.0",
        "@jimp/types": "1.6.0",
        "@jimp/utils": "1.6.0",
        "await-to-js": "^3.0.0",
        "exif-parser": "^0.1.12",
        "file-type": "^16.0.0",
        "mime": "3"
      },
      "engines": {
        "node": ">=18"
      }
    },
    "node_modules/@jimp/diff": {
      "version": "1.6.0",
      "license": "MIT",
      "dependencies": {
        "@jimp/plugin-resize": "1.6.0",
        "@jimp/types": "1.6.0",
        "@jimp/utils": "1.6.0",
        "pixelmatch": "^5.3.0"
      },
      "engines": {
        "node": ">=18"
      }
    },
    "node_modules/@jimp/file-ops": {
      "version": "1.6.0",
      "license": "MIT",
      "engines": {
        "node": ">=18"
      }
    },
    "node_modules/@jimp/js-bmp": {
      "version": "1.6.0",
      "license": "MIT",
      "dependencies": {
        "@jimp/core": "1.6.0",
        "@jimp/types": "1.6.0",
        "@jimp/utils": "1.6.0",
        "bmp-ts": "^1.0.9"
      },
      "engines": {
        "node": ">=18"
      }
    },
    "node_modules/@jimp/js-gif": {
      "version": "1.6.0",
      "license": "MIT",
      "dependencies": {
        "@jimp/core": "1.6.0",
        "@jimp/types": "1.6.0",
        "gifwrap": "^0.10.1",
        "omggif": "^1.0.10"
      },
      "engines": {
        "node": ">=18"
      }
    },
    "node_modules/@jimp/js-jpeg": {
      "version": "1.6.0",
      "license": "MIT",
      "dependencies": {
        "@jimp/core": "1.6.0",
        "@jimp/types": "1.6.0",
        "jpeg-js": "^0.4.4"
      },
      "engines": {
        "node": ">=18"
      }
    },
    "node_modules/@jimp/js-png": {
      "version": "1.6.0",
      "license": "MIT",
      "dependencies": {
        "@jimp/core": "1.6.0",
        "@jimp/types": "1.6.0",
        "pngjs": "^7.0.0"
      },
      "engines": {
        "node": ">=18"
      }
    },
    "node_modules/@jimp/js-tiff": {
      "version": "1.6.0",
      "license": "MIT",
      "dependencies": {
        "@jimp/core": "1.6.0",
        "@jimp/types": "1.6.0",
        "utif2": "^4.1.0"
      },
      "engines": {
        "node": ">=18"
      }
    },
    "node_modules/@jimp/plugin-blit": {
      "version": "1.6.0",
      "license": "MIT",
      "dependencies": {
        "@jimp/types": "1.6.0",
        "@jimp/utils": "1.6.0",
        "zod": "^3.23.8"
      },
      "engines": {
        "node": ">=18"
      }
    },
    "node_modules/@jimp/plugin-blit/node_modules/zod": {
      "version": "3.25.76",
      "license": "MIT",
      "funding": {
        "url": "https://github.com/sponsors/colinhacks"
      }
    },
    "node_modules/@jimp/plugin-blur": {
      "version": "1.6.0",
      "license": "MIT",
      "dependencies": {
        "@jimp/core": "1.6.0",
        "@jimp/utils": "1.6.0"
      },
      "engines": {
        "node": ">=18"
      }
    },
    "node_modules/@jimp/plugin-circle": {
      "version": "1.6.0",
      "license": "MIT",
      "dependencies": {
        "@jimp/types": "1.6.0",
        "zod": "^3.23.8"
      },
      "engines": {
        "node": ">=18"
      }
    },
    "node_modules/@jimp/plugin-circle/node_modules/zod": {
      "version": "3.25.76",
      "license": "MIT",
      "funding": {
        "url": "https://github.com/sponsors/colinhacks"
      }
    },
    "node_modules/@jimp/plugin-color": {
      "version": "1.6.0",
      "license": "MIT",
      "dependencies": {
        "@jimp/core": "1.6.0",
        "@jimp/types": "1.6.0",
        "@jimp/utils": "1.6.0",
        "tinycolor2": "^1.6.0",
        "zod": "^3.23.8"
      },
      "engines": {
        "node": ">=18"
      }
    },
    "node_modules/@jimp/plugin-color/node_modules/zod": {
      "version": "3.25.76",
      "license": "MIT",
      "funding": {
        "url": "https://github.com/sponsors/colinhacks"
      }
    },
    "node_modules/@jimp/plugin-contain": {
      "version": "1.6.0",
      "license": "MIT",
      "dependencies": {
        "@jimp/core": "1.6.0",
        "@jimp/plugin-blit": "1.6.0",
        "@jimp/plugin-resize": "1.6.0",
        "@jimp/types": "1.6.0",
        "@jimp/utils": "1.6.0",
        "zod": "^3.23.8"
      },
      "engines": {
        "node": ">=18"
      }
    },
    "node_modules/@jimp/plugin-contain/node_modules/zod": {
      "version": "3.25.76",
      "license": "MIT",
      "funding": {
        "url": "https://github.com/sponsors/colinhacks"
      }
    },
    "node_modules/@jimp/plugin-cover": {
      "version": "1.6.0",
      "license": "MIT",
      "dependencies": {
        "@jimp/core": "1.6.0",
        "@jimp/plugin-crop": "1.6.0",
        "@jimp/plugin-resize": "1.6.0",
        "@jimp/types": "1.6.0",
        "zod": "^3.23.8"
      },
      "engines": {
        "node": ">=18"
      }
    },
    "node_modules/@jimp/plugin-cover/node_modules/zod": {
      "version": "3.25.76",
      "license": "MIT",
      "funding": {
        "url": "https://github.com/sponsors/colinhacks"
      }
    },
    "node_modules/@jimp/plugin-crop": {
      "version": "1.6.0",
      "license": "MIT",
      "dependencies": {
        "@jimp/core": "1.6.0",
        "@jimp/types": "1.6.0",
        "@jimp/utils": "1.6.0",
        "zod": "^3.23.8"
      },
      "engines": {
        "node": ">=18"
      }
    },
    "node_modules/@jimp/plugin-crop/node_modules/zod": {
      "version": "3.25.76",
      "license": "MIT",
      "funding": {
        "url": "https://github.com/sponsors/colinhacks"
      }
    },
    "node_modules/@jimp/plugin-displace": {
      "version": "1.6.0",
      "license": "MIT",
      "dependencies": {
        "@jimp/types": "1.6.0",
        "@jimp/utils": "1.6.0",
        "zod": "^3.23.8"
      },
      "engines": {
        "node": ">=18"
      }
    },
    "node_modules/@jimp/plugin-displace/node_modules/zod": {
      "version": "3.25.76",
      "license": "MIT",
      "funding": {
        "url": "https://github.com/sponsors/colinhacks"
      }
    },
    "node_modules/@jimp/plugin-dither": {
      "version": "1.6.0",
      "license": "MIT",
      "dependencies": {
        "@jimp/types": "1.6.0"
      },
      "engines": {
        "node": ">=18"
      }
    },
    "node_modules/@jimp/plugin-fisheye": {
      "version": "1.6.0",
      "license": "MIT",
      "dependencies": {
        "@jimp/types": "1.6.0",
        "@jimp/utils": "1.6.0",
        "zod": "^3.23.8"
      },
      "engines": {
        "node": ">=18"
      }
    },
    "node_modules/@jimp/plugin-fisheye/node_modules/zod": {
      "version": "3.25.76",
      "license": "MIT",
      "funding": {
        "url": "https://github.com/sponsors/colinhacks"
      }
    },
    "node_modules/@jimp/plugin-flip": {
      "version": "1.6.0",
      "license": "MIT",
      "dependencies": {
        "@jimp/types": "1.6.0",
        "zod": "^3.23.8"
      },
      "engines": {
        "node": ">=18"
      }
    },
    "node_modules/@jimp/plugin-flip/node_modules/zod": {
      "version": "3.25.76",
      "license": "MIT",
      "funding": {
        "url": "https://github.com/sponsors/colinhacks"
      }
    },
    "node_modules/@jimp/plugin-hash": {
      "version": "1.6.0",
      "license": "MIT",
      "dependencies": {
        "@jimp/core": "1.6.0",
        "@jimp/js-bmp": "1.6.0",
        "@jimp/js-jpeg": "1.6.0",
        "@jimp/js-png": "1.6.0",
        "@jimp/js-tiff": "1.6.0",
        "@jimp/plugin-color": "1.6.0",
        "@jimp/plugin-resize": "1.6.0",
        "@jimp/types": "1.6.0",
        "@jimp/utils": "1.6.0",
        "any-base": "^1.1.0"
      },
      "engines": {
        "node": ">=18"
      }
    },
    "node_modules/@jimp/plugin-mask": {
      "version": "1.6.0",
      "license": "MIT",
      "dependencies": {
        "@jimp/types": "1.6.0",
        "zod": "^3.23.8"
      },
      "engines": {
        "node": ">=18"
      }
    },
    "node_modules/@jimp/plugin-mask/node_modules/zod": {
      "version": "3.25.76",
      "license": "MIT",
      "funding": {
        "url": "https://github.com/sponsors/colinhacks"
      }
    },
    "node_modules/@jimp/plugin-print": {
      "version": "1.6.0",
      "license": "MIT",
      "dependencies": {
        "@jimp/core": "1.6.0",
        "@jimp/js-jpeg": "1.6.0",
        "@jimp/js-png": "1.6.0",
        "@jimp/plugin-blit": "1.6.0",
        "@jimp/types": "1.6.0",
        "parse-bmfont-ascii": "^1.0.6",
        "parse-bmfont-binary": "^1.0.6",
        "parse-bmfont-xml": "^1.1.6",
        "simple-xml-to-json": "^1.2.2",
        "zod": "^3.23.8"
      },
      "engines": {
        "node": ">=18"
      }
    },
    "node_modules/@jimp/plugin-print/node_modules/zod": {
      "version": "3.25.76",
      "license": "MIT",
      "funding": {
        "url": "https://github.com/sponsors/colinhacks"
      }
    },
    "node_modules/@jimp/plugin-quantize": {
      "version": "1.6.0",
      "license": "MIT",
      "dependencies": {
        "image-q": "^4.0.0",
        "zod": "^3.23.8"
      },
      "engines": {
        "node": ">=18"
      }
    },
    "node_modules/@jimp/plugin-quantize/node_modules/zod": {
      "version": "3.25.76",
      "license": "MIT",
      "funding": {
        "url": "https://github.com/sponsors/colinhacks"
      }
    },
    "node_modules/@jimp/plugin-resize": {
      "version": "1.6.0",
      "license": "MIT",
      "dependencies": {
        "@jimp/core": "1.6.0",
        "@jimp/types": "1.6.0",
        "zod": "^3.23.8"
      },
      "engines": {
        "node": ">=18"
      }
    },
    "node_modules/@jimp/plugin-resize/node_modules/zod": {
      "version": "3.25.76",
      "license": "MIT",
      "funding": {
        "url": "https://github.com/sponsors/colinhacks"
      }
    },
    "node_modules/@jimp/plugin-rotate": {
      "version": "1.6.0",
      "license": "MIT",
      "dependencies": {
        "@jimp/core": "1.6.0",
        "@jimp/plugin-crop": "1.6.0",
        "@jimp/plugin-resize": "1.6.0",
        "@jimp/types": "1.6.0",
        "@jimp/utils": "1.6.0",
        "zod": "^3.23.8"
      },
      "engines": {
        "node": ">=18"
      }
    },
    "node_modules/@jimp/plugin-rotate/node_modules/zod": {
      "version": "3.25.76",
      "license": "MIT",
      "funding": {
        "url": "https://github.com/sponsors/colinhacks"
      }
    },
    "node_modules/@jimp/plugin-threshold": {
      "version": "1.6.0",
      "license": "MIT",
      "dependencies": {
        "@jimp/core": "1.6.0",
        "@jimp/plugin-color": "1.6.0",
        "@jimp/plugin-hash": "1.6.0",
        "@jimp/types": "1.6.0",
        "@jimp/utils": "1.6.0",
        "zod": "^3.23.8"
      },
      "engines": {
        "node": ">=18"
      }
    },
    "node_modules/@jimp/plugin-threshold/node_modules/zod": {
      "version": "3.25.76",
      "license": "MIT",
      "funding": {
        "url": "https://github.com/sponsors/colinhacks"
      }
    },
    "node_modules/@jimp/types": {
      "version": "1.6.0",
      "license": "MIT",
      "dependencies": {
        "zod": "^3.23.8"
      },
      "engines": {
        "node": ">=18"
      }
    },
    "node_modules/@jimp/types/node_modules/zod": {
      "version": "3.25.76",
      "license": "MIT",
      "funding": {
        "url": "https://github.com/sponsors/colinhacks"
      }
    },
    "node_modules/@jimp/utils": {
      "version": "1.6.0",
      "license": "MIT",
      "dependencies": {
        "@jimp/types": "1.6.0",
        "tinycolor2": "^1.6.0"
      },
      "engines": {
        "node": ">=18"
      }
    },
    "node_modules/@opensearch-project/opensearch": {
      "version": "3.5.1",
      "resolved": "https://registry.npmjs.org/@opensearch-project/opensearch/-/opensearch-3.5.1.tgz",
      "integrity": "sha512-6bf+HcuERzAtHZxrm6phjref54ABse39BpkDie/YO3AUFMCBrb3SK5okKSdT5n3+nDRuEEQLhQCl0RQV3s1qpA==",
      "license": "Apache-2.0",
      "dependencies": {
        "aws4": "^1.11.0",
        "debug": "^4.3.1",
        "hpagent": "^1.2.0",
        "json11": "^2.0.0",
        "ms": "^2.1.3",
        "secure-json-parse": "^2.4.0"
      },
      "engines": {
        "node": ">=14",
        "yarn": "^1.22.10"
      }
    },
    "node_modules/@opentui/core": {
      "version": "0.1.87",
      "license": "MIT",
      "dependencies": {
        "bun-ffi-structs": "0.1.2",
        "diff": "8.0.2",
        "jimp": "1.6.0",
        "marked": "17.0.1",
        "yoga-layout": "3.2.1"
      },
      "optionalDependencies": {
        "@dimforge/rapier2d-simd-compat": "^0.17.3",
        "@opentui/core-darwin-arm64": "0.1.87",
        "@opentui/core-darwin-x64": "0.1.87",
        "@opentui/core-linux-arm64": "0.1.87",
        "@opentui/core-linux-x64": "0.1.87",
        "@opentui/core-win32-arm64": "0.1.87",
        "@opentui/core-win32-x64": "0.1.87",
        "bun-webgpu": "0.1.5",
        "planck": "^1.4.2",
        "three": "0.177.0"
      },
      "peerDependencies": {
        "web-tree-sitter": "0.25.10"
      }
    },
    "node_modules/@opentui/core-darwin-arm64": {
      "version": "0.1.87",
      "cpu": [
        "arm64"
      ],
      "license": "MIT",
      "optional": true,
      "os": [
        "darwin"
      ]
    },
    "node_modules/@opentui/core-darwin-x64": {
      "version": "0.1.87",
      "resolved": "https://registry.npmjs.org/@opentui/core-darwin-x64/-/core-darwin-x64-0.1.87.tgz",
      "integrity": "sha512-MYTFQfOHm6qO7YaY4GHK9u/oJlXY6djaaxl5I+k4p2mk3vvuFIl/AP1ypITwBFjyV5gyp7PRWFp4nGfY9oN8bw==",
      "cpu": [
        "x64"
      ],
      "license": "MIT",
      "optional": true,
      "os": [
        "darwin"
      ]
    },
    "node_modules/@opentui/core-linux-arm64": {
      "version": "0.1.87",
      "resolved": "https://registry.npmjs.org/@opentui/core-linux-arm64/-/core-linux-arm64-0.1.87.tgz",
      "integrity": "sha512-he8o1h5M6oskRJ7wE+xKJgmWnv5ZwN6gB3M/Z+SeHtOMPa5cZmi3TefTjG54llEgFfx0F9RcqHof7TJ/GNxRkw==",
      "cpu": [
        "arm64"
      ],
      "license": "MIT",
      "optional": true,
      "os": [
        "linux"
      ]
    },
    "node_modules/@opentui/core-linux-x64": {
      "version": "0.1.87",
      "resolved": "https://registry.npmjs.org/@opentui/core-linux-x64/-/core-linux-x64-0.1.87.tgz",
      "integrity": "sha512-aiUwjPlH4yDcB8/6YDKSmMkaoGAAltL0Xo0AzXyAtJXWK5tkCSaYjEVwzJ/rYRkr4Magnad+Mjth4AQUWdR2AA==",
      "cpu": [
        "x64"
      ],
      "license": "MIT",
      "optional": true,
      "os": [
        "linux"
      ]
    },
    "node_modules/@opentui/core-win32-arm64": {
      "version": "0.1.87",
      "resolved": "https://registry.npmjs.org/@opentui/core-win32-arm64/-/core-win32-arm64-0.1.87.tgz",
      "integrity": "sha512-cmP0pOyREjWGniHqbDmaMY7U+1AyagrD8VseJbU0cGpNgVpG2/gbrJUGdfdLB0SNb+mzLdx6SOjdxtrElwRCQA==",
      "cpu": [
        "arm64"
      ],
      "license": "MIT",
      "optional": true,
      "os": [
        "win32"
      ]
    },
    "node_modules/@opentui/core-win32-x64": {
      "version": "0.1.87",
      "resolved": "https://registry.npmjs.org/@opentui/core-win32-x64/-/core-win32-x64-0.1.87.tgz",
      "integrity": "sha512-N2GErAAP8iODf2RPp86pilPaVKiD6G4pkpZL5nLGbKsl0bndrVTpSqZcn8+/nQwFZDPD/AsiRTYNOfWOblhzOw==",
      "cpu": [
        "x64"
      ],
      "license": "MIT",
      "optional": true,
      "os": [
        "win32"
      ]
    },
    "node_modules/@opentui/react": {
      "version": "0.1.87",
      "license": "MIT",
      "dependencies": {
        "@opentui/core": "0.1.87",
        "react-reconciler": "^0.32.0"
      },
      "peerDependencies": {
        "react": ">=19.0.0",
        "react-devtools-core": "^7.0.1",
        "ws": "^8.18.0"
      }
    },
    "node_modules/@oven/bun-darwin-aarch64": {
      "version": "1.3.10",
      "cpu": [
        "arm64"
      ],
      "license": "MIT",
      "optional": true,
      "os": [
        "darwin"
      ]
    },
    "node_modules/@oven/bun-darwin-x64": {
      "version": "1.3.10",
      "resolved": "https://registry.npmjs.org/@oven/bun-darwin-x64/-/bun-darwin-x64-1.3.10.tgz",
      "integrity": "sha512-Nhssuh7GBpP5PiDSOl3+qnoIG7PJo+ec2oomDevnl9pRY6x6aD2gRt0JE+uf+A8Om2D6gjeHCxjEdrw5ZHE8mA==",
      "cpu": [
        "x64"
      ],
      "license": "MIT",
      "optional": true,
      "os": [
        "darwin"
      ]
    },
    "node_modules/@oven/bun-darwin-x64-baseline": {
      "version": "1.3.10",
      "resolved": "https://registry.npmjs.org/@oven/bun-darwin-x64-baseline/-/bun-darwin-x64-baseline-1.3.10.tgz",
      "integrity": "sha512-w1gaTlqU0IJCmJ1X+PGHkdNU1n8Gemx5YKkjhkJIguvFINXEBB5U1KG82QsT65Tk4KyNMfbLTlmy4giAvUoKfA==",
      "cpu": [
        "x64"
      ],
      "license": "MIT",
      "optional": true,
      "os": [
        "darwin"
      ]
    },
    "node_modules/@oven/bun-linux-aarch64": {
      "version": "1.3.10",
      "resolved": "https://registry.npmjs.org/@oven/bun-linux-aarch64/-/bun-linux-aarch64-1.3.10.tgz",
      "integrity": "sha512-OUgPHfL6+PM2Q+tFZjcaycN3D7gdQdYlWnwMI31DXZKY1r4HINWk9aEz9t/rNaHg65edwNrt7dsv9TF7xK8xIA==",
      "cpu": [
        "arm64"
      ],
      "license": "MIT",
      "optional": true,
      "os": [
        "linux"
      ]
    },
    "node_modules/@oven/bun-linux-aarch64-musl": {
      "version": "1.3.10",
      "resolved": "https://registry.npmjs.org/@oven/bun-linux-aarch64-musl/-/bun-linux-aarch64-musl-1.3.10.tgz",
      "integrity": "sha512-Ui5pAgM7JE9MzHokF0VglRMkbak3lTisY4Mf1AZutPACXWgKJC5aGrgnHBfkl7QS6fEeYb0juy1q4eRznRHOsw==",
      "cpu": [
        "arm64"
      ],
      "license": "MIT",
      "optional": true,
      "os": [
        "linux"
      ]
    },
    "node_modules/@oven/bun-linux-x64": {
      "version": "1.3.10",
      "resolved": "https://registry.npmjs.org/@oven/bun-linux-x64/-/bun-linux-x64-1.3.10.tgz",
      "integrity": "sha512-bzUgYj/PIZziB/ZesIP9HUyfvh6Vlf3od+TrbTTyVEuCSMKzDPQVW/yEbRp0tcHO3alwiEXwJDrWrHAguXlgiQ==",
      "cpu": [
        "x64"
      ],
      "license": "MIT",
      "optional": true,
      "os": [
        "linux"
      ]
    },
    "node_modules/@oven/bun-linux-x64-baseline": {
      "version": "1.3.10",
      "resolved": "https://registry.npmjs.org/@oven/bun-linux-x64-baseline/-/bun-linux-x64-baseline-1.3.10.tgz",
      "integrity": "sha512-oqvMDYpX6dGJO03HgO5bXuccEsH3qbdO3MaAiAlO4CfkBPLUXz3N0DDElg5hz0L6ktdDVKbQVE5lfe+LAUISQg==",
      "cpu": [
        "x64"
      ],
      "license": "MIT",
      "optional": true,
      "os": [
        "linux"
      ]
    },
    "node_modules/@oven/bun-linux-x64-musl": {
      "version": "1.3.10",
      "resolved": "https://registry.npmjs.org/@oven/bun-linux-x64-musl/-/bun-linux-x64-musl-1.3.10.tgz",
      "integrity": "sha512-poVXvOShekbexHq45b4MH/mRjQKwACAC8lHp3Tz/hEDuz0/20oncqScnmKwzhBPEpqJvydXficXfBYuSim8opw==",
      "cpu": [
        "x64"
      ],
      "license": "MIT",
      "optional": true,
      "os": [
        "linux"
      ]
    },
    "node_modules/@oven/bun-linux-x64-musl-baseline": {
      "version": "1.3.10",
      "resolved": "https://registry.npmjs.org/@oven/bun-linux-x64-musl-baseline/-/bun-linux-x64-musl-baseline-1.3.10.tgz",
      "integrity": "sha512-/hOZ6S1VsTX6vtbhWVL9aAnOrdpuO54mAGUWpTdMz7dFG5UBZ/VUEiK0pBkq9A1rlBk0GeD/6Y4NBFl8Ha7cRA==",
      "cpu": [
        "x64"
      ],
      "license": "MIT",
      "optional": true,
      "os": [
        "linux"
      ]
    },
    "node_modules/@oven/bun-windows-aarch64": {
      "version": "1.3.10",
      "resolved": "https://registry.npmjs.org/@oven/bun-windows-aarch64/-/bun-windows-aarch64-1.3.10.tgz",
      "integrity": "sha512-GXbz2swvN2DLw2dXZFeedMxSJtI64xQ9xp9Eg7Hjejg6mS2E4dP1xoQ2yAo2aZPi/2OBPAVaGzppI2q20XumHA==",
      "cpu": [
        "arm64"
      ],
      "license": "MIT",
      "optional": true,
      "os": [
        "win32"
      ]
    },
    "node_modules/@oven/bun-windows-x64": {
      "version": "1.3.10",
      "resolved": "https://registry.npmjs.org/@oven/bun-windows-x64/-/bun-windows-x64-1.3.10.tgz",
      "integrity": "sha512-qaS1In3yfC/Z/IGQriVmF8GWwKuNqiw7feTSJWaQhH5IbL6ENR+4wGNPniZSJFaM/SKUO0e/YCRdoVBvgU4C1g==",
      "cpu": [
        "x64"
      ],
      "license": "MIT",
      "optional": true,
      "os": [
        "win32"
      ]
    },
    "node_modules/@oven/bun-windows-x64-baseline": {
      "version": "1.3.10",
      "resolved": "https://registry.npmjs.org/@oven/bun-windows-x64-baseline/-/bun-windows-x64-baseline-1.3.10.tgz",
      "integrity": "sha512-gh3UAHbUdDUG6fhLc1Csa4IGdtghue6U8oAIXWnUqawp6lwb3gOCRvp25IUnLF5vUHtgfMxuEUYV7YA2WxVutw==",
      "cpu": [
        "x64"
      ],
      "license": "MIT",
      "optional": true,
      "os": [
        "win32"
      ]
    },
    "node_modules/@standard-schema/spec": {
      "version": "1.1.0",
      "license": "MIT"
    },
    "node_modules/@standard-schema/utils": {
      "version": "0.3.0",
      "license": "MIT"
    },
    "node_modules/@tokenizer/token": {
      "version": "0.3.0",
      "license": "MIT"
    },
    "node_modules/@types/bun": {
      "version": "1.3.10",
      "resolved": "https://registry.npmjs.org/@types/bun/-/bun-1.3.10.tgz",
      "integrity": "sha512-0+rlrUrOrTSskibryHbvQkDOWRJwJZqZlxrUs1u4oOoTln8+WIXBPmAuCF35SWB2z4Zl3E84Nl/D0P7803nigQ==",
      "dev": true,
      "license": "MIT",
      "dependencies": {
        "bun-types": "1.3.10"
      }
    },
    "node_modules/@types/node": {
      "version": "25.4.0",
      "dev": true,
      "license": "MIT",
      "dependencies": {
        "undici-types": "~7.18.0"
      }
    },
    "node_modules/@webgpu/types": {
      "version": "0.1.69",
      "license": "BSD-3-Clause",
      "optional": true
    },
    "node_modules/abort-controller": {
      "version": "3.0.0",
      "license": "MIT",
      "dependencies": {
        "event-target-shim": "^5.0.0"
      },
      "engines": {
        "node": ">=6.5"
      }
    },
    "node_modules/any-base": {
      "version": "1.1.0",
      "license": "MIT"
    },
    "node_modules/await-to-js": {
      "version": "3.0.0",
      "license": "MIT",
      "engines": {
        "node": ">=6.0.0"
      }
    },
    "node_modules/aws4": {
      "version": "1.13.2",
      "resolved": "https://registry.npmjs.org/aws4/-/aws4-1.13.2.tgz",
      "integrity": "sha512-lHe62zvbTB5eEABUVi/AwVh0ZKY9rMMDhmm+eeyuuUQbQ3+J+fONVQOZyj+DdrvD4BY33uYniyRJ4UJIaSKAfw==",
      "license": "MIT"
    },
    "node_modules/base64-js": {
      "version": "1.5.1",
      "funding": [
        {
          "type": "github",
          "url": "https://github.com/sponsors/feross"
        },
        {
          "type": "patreon",
          "url": "https://www.patreon.com/feross"
        },
        {
          "type": "consulting",
          "url": "https://feross.org/support"
        }
      ],
      "license": "MIT"
    },
    "node_modules/better-result": {
      "version": "2.7.0",
      "license": "MIT",
      "dependencies": {
        "@clack/prompts": "^0.11.0"
      },
      "bin": {
        "better-result": "bin/cli.mjs"
      }
    },
    "node_modules/bmp-ts": {
      "version": "1.0.9",
      "license": "MIT"
    },
    "node_modules/buffer": {
      "version": "6.0.3",
      "funding": [
        {
          "type": "github",
          "url": "https://github.com/sponsors/feross"
        },
        {
          "type": "patreon",
          "url": "https://www.patreon.com/feross"
        },
        {
          "type": "consulting",
          "url": "https://feross.org/support"
        }
      ],
      "license": "MIT",
      "dependencies": {
        "base64-js": "^1.3.1",
        "ieee754": "^1.2.1"
      }
    },
    "node_modules/bun": {
      "version": "1.3.10",
      "cpu": [
        "arm64",
        "x64"
      ],
      "hasInstallScript": true,
      "license": "MIT",
      "os": [
        "darwin",
        "linux",
        "win32"
      ],
      "peer": true,
      "bin": {
        "bun": "bin/bun.exe",
        "bunx": "bin/bunx.exe"
      },
      "optionalDependencies": {
        "@oven/bun-darwin-aarch64": "1.3.10",
        "@oven/bun-darwin-x64": "1.3.10",
        "@oven/bun-darwin-x64-baseline": "1.3.10",
        "@oven/bun-linux-aarch64": "1.3.10",
        "@oven/bun-linux-aarch64-musl": "1.3.10",
        "@oven/bun-linux-x64": "1.3.10",
        "@oven/bun-linux-x64-baseline": "1.3.10",
        "@oven/bun-linux-x64-musl": "1.3.10",
        "@oven/bun-linux-x64-musl-baseline": "1.3.10",
        "@oven/bun-windows-aarch64": "1.3.10",
        "@oven/bun-windows-x64": "1.3.10",
        "@oven/bun-windows-x64-baseline": "1.3.10"
      }
    },
    "node_modules/bun-ffi-structs": {
      "version": "0.1.2",
      "license": "MIT",
      "peerDependencies": {
        "typescript": "^5"
      }
    },
    "node_modules/bun-types": {
      "version": "1.3.10",
      "dev": true,
      "license": "MIT",
      "dependencies": {
        "@types/node": "*"
      }
    },
    "node_modules/bun-webgpu": {
      "version": "0.1.5",
      "license": "Apache-2.0",
      "optional": true,
      "dependencies": {
        "@webgpu/types": "^0.1.60"
      },
      "optionalDependencies": {
        "bun-webgpu-darwin-arm64": "^0.1.5",
        "bun-webgpu-darwin-x64": "^0.1.5",
        "bun-webgpu-linux-x64": "^0.1.5",
        "bun-webgpu-win32-x64": "^0.1.5"
      }
    },
    "node_modules/bun-webgpu-darwin-arm64": {
      "version": "0.1.5",
      "cpu": [
        "arm64"
      ],
      "license": "Apache-2.0",
      "optional": true,
      "os": [
        "darwin"
      ]
    },
    "node_modules/bun-webgpu-darwin-x64": {
      "version": "0.1.5",
      "resolved": "https://registry.npmjs.org/bun-webgpu-darwin-x64/-/bun-webgpu-darwin-x64-0.1.5.tgz",
      "integrity": "sha512-oVoIsme27pcXB68YxnQSAgdNGCa4A3PGWYIBUewOh9VnJaoik4JenGb5Yy+svGE+ETFhQXV9nhHqgMPsDRrO6A==",
      "cpu": [
        "x64"
      ],
      "license": "Apache-2.0",
      "optional": true,
      "os": [
        "darwin"
      ]
    },
    "node_modules/bun-webgpu-linux-x64": {
      "version": "0.1.5",
      "resolved": "https://registry.npmjs.org/bun-webgpu-linux-x64/-/bun-webgpu-linux-x64-0.1.5.tgz",
      "integrity": "sha512-+SYt09k+xDEl/GfcU7L1zdNgm7IlvAFKV5Xl/auBwuprKG5UwXNhjRlRAWfhTMCUZWN+NDf8E+ZQx0cQi9K2/g==",
      "cpu": [
        "x64"
      ],
      "license": "Apache-2.0",
      "optional": true,
      "os": [
        "linux"
      ]
    },
    "node_modules/bun-webgpu-win32-x64": {
      "version": "0.1.5",
      "resolved": "https://registry.npmjs.org/bun-webgpu-win32-x64/-/bun-webgpu-win32-x64-0.1.5.tgz",
      "integrity": "sha512-zvnUl4EAsQbKsmZVu+lEJcH8axQ7MiCfqg2OmnHd6uw1THABmHaX0GbpKiHshdgadNN2Nf+4zDyTJB5YMcAdrA==",
      "cpu": [
        "x64"
      ],
      "license": "Apache-2.0",
      "optional": true,
      "os": [
        "win32"
      ]
    },
    "node_modules/debug": {
      "version": "4.4.3",
      "license": "MIT",
      "dependencies": {
        "ms": "^2.1.3"
      },
      "engines": {
        "node": ">=6.0"
      },
      "peerDependenciesMeta": {
        "supports-color": {
          "optional": true
        }
      }
    },
    "node_modules/diff": {
      "version": "8.0.2",
      "license": "BSD-3-Clause",
      "engines": {
        "node": ">=0.3.1"
      }
    },
    "node_modules/dotenv": {
      "version": "17.3.1",
      "license": "BSD-2-Clause",
      "engines": {
        "node": ">=12"
      },
      "funding": {
        "url": "https://dotenvx.com"
      }
    },
    "node_modules/event-target-shim": {
      "version": "5.0.1",
      "license": "MIT",
      "engines": {
        "node": ">=6"
      }
    },
    "node_modules/events": {
      "version": "3.3.0",
      "license": "MIT",
      "engines": {
        "node": ">=0.8.x"
      }
    },
    "node_modules/exif-parser": {
      "version": "0.1.12"
    },
    "node_modules/file-type": {
      "version": "16.5.4",
      "license": "MIT",
      "dependencies": {
        "readable-web-to-node-stream": "^3.0.0",
        "strtok3": "^6.2.4",
        "token-types": "^4.1.1"
      },
      "engines": {
        "node": ">=10"
      },
      "funding": {
        "url": "https://github.com/sindresorhus/file-type?sponsor=1"
      }
    },
    "node_modules/gifwrap": {
      "version": "0.10.1",
      "license": "MIT",
      "dependencies": {
        "image-q": "^4.0.0",
        "omggif": "^1.0.10"
      }
    },
    "node_modules/hpagent": {
      "version": "1.2.0",
      "resolved": "https://registry.npmjs.org/hpagent/-/hpagent-1.2.0.tgz",
      "integrity": "sha512-A91dYTeIB6NoXG+PxTQpCCDDnfHsW9kc06Lvpu1TEe9gnd6ZFeiBoRO9JvzEv6xK7EX97/dUE8g/vBMTqTS3CA==",
      "license": "MIT",
      "engines": {
        "node": ">=14"
      }
    },
    "node_modules/ieee754": {
      "version": "1.2.1",
      "funding": [
        {
          "type": "github",
          "url": "https://github.com/sponsors/feross"
        },
        {
          "type": "patreon",
          "url": "https://www.patreon.com/feross"
        },
        {
          "type": "consulting",
          "url": "https://feross.org/support"
        }
      ],
      "license": "BSD-3-Clause"
    },
    "node_modules/image-q": {
      "version": "4.0.0",
      "license": "MIT",
      "dependencies": {
        "@types/node": "16.9.1"
      }
    },
    "node_modules/image-q/node_modules/@types/node": {
      "version": "16.9.1",
      "license": "MIT"
    },
    "node_modules/jimp": {
      "version": "1.6.0",
      "license": "MIT",
      "dependencies": {
        "@jimp/core": "1.6.0",
        "@jimp/diff": "1.6.0",
        "@jimp/js-bmp": "1.6.0",
        "@jimp/js-gif": "1.6.0",
        "@jimp/js-jpeg": "1.6.0",
        "@jimp/js-png": "1.6.0",
        "@jimp/js-tiff": "1.6.0",
        "@jimp/plugin-blit": "1.6.0",
        "@jimp/plugin-blur": "1.6.0",
        "@jimp/plugin-circle": "1.6.0",
        "@jimp/plugin-color": "1.6.0",
        "@jimp/plugin-contain": "1.6.0",
        "@jimp/plugin-cover": "1.6.0",
        "@jimp/plugin-crop": "1.6.0",
        "@jimp/plugin-displace": "1.6.0",
        "@jimp/plugin-dither": "1.6.0",
        "@jimp/plugin-fisheye": "1.6.0",
        "@jimp/plugin-flip": "1.6.0",
        "@jimp/plugin-hash": "1.6.0",
        "@jimp/plugin-mask": "1.6.0",
        "@jimp/plugin-print": "1.6.0",
        "@jimp/plugin-quantize": "1.6.0",
        "@jimp/plugin-resize": "1.6.0",
        "@jimp/plugin-rotate": "1.6.0",
        "@jimp/plugin-threshold": "1.6.0",
        "@jimp/types": "1.6.0",
        "@jimp/utils": "1.6.0"
      },
      "engines": {
        "node": ">=18"
      }
    },
    "node_modules/jpeg-js": {
      "version": "0.4.4",
      "license": "BSD-3-Clause"
    },
    "node_modules/json11": {
      "version": "2.0.2",
      "resolved": "https://registry.npmjs.org/json11/-/json11-2.0.2.tgz",
      "integrity": "sha512-HIrd50UPYmP6sqLuLbFVm75g16o0oZrVfxrsY0EEys22klz8mRoWlX9KAEDOSOR9Q34rcxsyC8oDveGrCz5uLQ==",
      "license": "MIT",
      "bin": {
        "json11": "dist/cli.mjs"
      }
    },
    "node_modules/marked": {
      "version": "17.0.1",
      "license": "MIT",
      "bin": {
        "marked": "bin/marked.js"
      },
      "engines": {
        "node": ">= 20"
      }
    },
    "node_modules/mime": {
      "version": "3.0.0",
      "license": "MIT",
      "bin": {
        "mime": "cli.js"
      },
      "engines": {
        "node": ">=10.0.0"
      }
    },
    "node_modules/ms": {
      "version": "2.1.3",
      "license": "MIT"
    },
    "node_modules/omggif": {
      "version": "1.0.10",
      "license": "MIT"
    },
    "node_modules/pako": {
      "version": "1.0.11",
      "license": "(MIT AND Zlib)"
    },
    "node_modules/parse-bmfont-ascii": {
      "version": "1.0.6",
      "license": "MIT"
    },
    "node_modules/parse-bmfont-binary": {
      "version": "1.0.6",
      "license": "MIT"
    },
    "node_modules/parse-bmfont-xml": {
      "version": "1.1.6",
      "license": "MIT",
      "dependencies": {
        "xml-parse-from-string": "^1.0.0",
        "xml2js": "^0.5.0"
      }
    },
    "node_modules/peek-readable": {
      "version": "4.1.0",
      "license": "MIT",
      "engines": {
        "node": ">=8"
      },
      "funding": {
        "type": "github",
        "url": "https://github.com/sponsors/Borewit"
      }
    },
    "node_modules/picocolors": {
      "version": "1.1.1",
      "license": "ISC"
    },
    "node_modules/pixelmatch": {
      "version": "5.3.0",
      "license": "ISC",
      "dependencies": {
        "pngjs": "^6.0.0"
      },
      "bin": {
        "pixelmatch": "bin/pixelmatch"
      }
    },
    "node_modules/pixelmatch/node_modules/pngjs": {
      "version": "6.0.0",
      "license": "MIT",
      "engines": {
        "node": ">=12.13.0"
      }
    },
    "node_modules/planck": {
      "version": "1.4.3",
      "license": "MIT",
      "optional": true,
      "engines": {
        "node": ">=24.0"
      },
      "peerDependencies": {
        "stage-js": "^1.0.0-alpha.12"
      }
    },
    "node_modules/pngjs": {
      "version": "7.0.0",
      "license": "MIT",
      "engines": {
        "node": ">=14.19.0"
      }
    },
    "node_modules/process": {
      "version": "0.11.10",
      "license": "MIT",
      "engines": {
        "node": ">= 0.6.0"
      }
    },
    "node_modules/react": {
      "version": "19.2.4",
      "license": "MIT",
      "peer": true,
      "engines": {
        "node": ">=0.10.0"
      }
    },
    "node_modules/react-devtools-core": {
      "version": "7.0.1",
      "license": "MIT",
      "dependencies": {
        "shell-quote": "^1.6.1",
        "ws": "^7"
      }
    },
    "node_modules/react-devtools-core/node_modules/ws": {
      "version": "7.5.10",
      "license": "MIT",
      "engines": {
        "node": ">=8.3.0"
      },
      "peerDependencies": {
        "bufferutil": "^4.0.1",
        "utf-8-validate": "^5.0.2"
      },
      "peerDependenciesMeta": {
        "bufferutil": {
          "optional": true
        },
        "utf-8-validate": {
          "optional": true
        }
      }
    },
    "node_modules/react-reconciler": {
      "version": "0.32.0",
      "license": "MIT",
      "dependencies": {
        "scheduler": "^0.26.0"
      },
      "engines": {
        "node": ">=0.10.0"
      },
      "peerDependencies": {
        "react": "^19.1.0"
      }
    },
    "node_modules/readable-stream": {
      "version": "4.7.0",
      "license": "MIT",
      "dependencies": {
        "abort-controller": "^3.0.0",
        "buffer": "^6.0.3",
        "events": "^3.3.0",
        "process": "^0.11.10",
        "string_decoder": "^1.3.0"
      },
      "engines": {
        "node": "^12.22.0 || ^14.17.0 || >=16.0.0"
      }
    },
    "node_modules/readable-web-to-node-stream": {
      "version": "3.0.4",
      "license": "MIT",
      "dependencies": {
        "readable-stream": "^4.7.0"
      },
      "engines": {
        "node": ">=8"
      },
      "funding": {
        "type": "github",
        "url": "https://github.com/sponsors/Borewit"
      }
    },
    "node_modules/safe-buffer": {
      "version": "5.2.1",
      "funding": [
        {
          "type": "github",
          "url": "https://github.com/sponsors/feross"
        },
        {
          "type": "patreon",
          "url": "https://www.patreon.com/feross"
        },
        {
          "type": "consulting",
          "url": "https://feross.org/support"
        }
      ],
      "license": "MIT"
    },
    "node_modules/sax": {
      "version": "1.5.0",
      "license": "BlueOak-1.0.0",
      "engines": {
        "node": ">=11.0.0"
      }
    },
    "node_modules/scheduler": {
      "version": "0.26.0",
      "license": "MIT"
    },
    "node_modules/secure-json-parse": {
      "version": "2.7.0",
      "resolved": "https://registry.npmjs.org/secure-json-parse/-/secure-json-parse-2.7.0.tgz",
      "integrity": "sha512-6aU+Rwsezw7VR8/nyvKTx8QpWH9FrcYiXXlqC4z5d5XQBDRqtbfsRjnwGyqbi3gddNtWHuEk9OANUotL26qKUw==",
      "license": "BSD-3-Clause"
    },
    "node_modules/shell-quote": {
      "version": "1.8.3",
      "license": "MIT",
      "engines": {
        "node": ">= 0.4"
      },
      "funding": {
        "url": "https://github.com/sponsors/ljharb"
      }
    },
    "node_modules/simple-xml-to-json": {
      "version": "1.2.3",
      "license": "MIT",
      "engines": {
        "node": ">=20.12.2"
      }
    },
    "node_modules/sisteransi": {
      "version": "1.0.5",
      "license": "MIT"
    },
    "node_modules/string_decoder": {
      "version": "1.3.0",
      "license": "MIT",
      "dependencies": {
        "safe-buffer": "~5.2.0"
      }
    },
    "node_modules/strtok3": {
      "version": "6.3.0",
      "license": "MIT",
      "dependencies": {
        "@tokenizer/token": "^0.3.0",
        "peek-readable": "^4.1.0"
      },
      "engines": {
        "node": ">=10"
      },
      "funding": {
        "type": "github",
        "url": "https://github.com/sponsors/Borewit"
      }
    },
    "node_modules/three": {
      "version": "0.177.0",
      "license": "MIT",
      "optional": true
    },
    "node_modules/tinycolor2": {
      "version": "1.6.0",
      "license": "MIT"
    },
    "node_modules/token-types": {
      "version": "4.2.1",
      "license": "MIT",
      "dependencies": {
        "@tokenizer/token": "^0.3.0",
        "ieee754": "^1.2.1"
      },
      "engines": {
        "node": ">=10"
      },
      "funding": {
        "type": "github",
        "url": "https://github.com/sponsors/Borewit"
      }
    },
    "node_modules/typescript": {
      "version": "5.9.3",
      "license": "Apache-2.0",
      "peer": true,
      "bin": {
        "tsc": "bin/tsc",
        "tsserver": "bin/tsserver"
      },
      "engines": {
        "node": ">=14.17"
      }
    },
    "node_modules/undici-types": {
      "version": "7.18.2",
      "dev": true,
      "license": "MIT"
    },
    "node_modules/utif2": {
      "version": "4.1.0",
      "license": "MIT",
      "dependencies": {
        "pako": "^1.0.11"
      }
    },
    "node_modules/web-tree-sitter": {
      "version": "0.25.10",
      "license": "MIT",
      "peer": true,
      "peerDependencies": {
        "@types/emscripten": "^1.40.0"
      },
      "peerDependenciesMeta": {
        "@types/emscripten": {
          "optional": true
        }
      }
    },
    "node_modules/ws": {
      "version": "8.19.0",
      "license": "MIT",
      "peer": true,
      "engines": {
        "node": ">=10.0.0"
      },
      "peerDependencies": {
        "bufferutil": "^4.0.1",
        "utf-8-validate": ">=5.0.2"
      },
      "peerDependenciesMeta": {
        "bufferutil": {
          "optional": true
        },
        "utf-8-validate": {
          "optional": true
        }
      }
    },
    "node_modules/xml-parse-from-string": {
      "version": "1.0.1",
      "license": "MIT"
    },
    "node_modules/xml2js": {
      "version": "0.5.0",
      "license": "MIT",
      "dependencies": {
        "sax": ">=0.6.0",
        "xmlbuilder": "~11.0.0"
      },
      "engines": {
        "node": ">=4.0.0"
      }
    },
    "node_modules/xmlbuilder": {
      "version": "11.0.1",
      "license": "MIT",
      "engines": {
        "node": ">=4.0"
      }
    },
    "node_modules/yoga-layout": {
      "version": "3.2.1",
      "license": "MIT"
    },
    "node_modules/zod": {
      "version": "4.3.6",
      "license": "MIT",
      "funding": {
        "url": "https://github.com/sponsors/colinhacks"
      }
    }
  }
}
